
Microsoft Visual Studio Solution File, Format Version 12.00
# Visual Studio Version 16
VisualStudioVersion = 16.0.30804.86
MinimumVisualStudioVersion = 10.0.40219.1
Project("{9A19103F-16F7-4668-BE54-9A1E7A4F7556}") = "CreateClassesFromSqlServer", "CreateClassesFromSqlServer\CreateClassesFromSqlServer.csproj", "{FAE0C1B3-5DBB-4F73-A3DF-826E5B4A5CC2}"
EndProject
Project("{2150E333-8FDC-42A3-9474-1A3956D46DE8}") = "Solution Items", "Solution Items", "{DDBB02FE-DCB0-4D84-822A-6BCBB2A8B66B}"
	ProjectSection(SolutionItems) = preProject
		readme.md = readme.md
	EndProjectSection
EndProject
Project("{2150E333-8FDC-42A3-9474-1A3956D46DE8}") = "Class projects", "Class projects", "{1CC4A455-56C4-4814-9769-FC6158B93AFA}"
EndProject
Project("{2150E333-8FDC-42A3-9474-1A3956D46DE8}") = "Test projects", "Test projects", "{393090FD-84D2-4680-BAE9-3B9EC9D169C1}"
EndProject
Project("{9A19103F-16F7-4668-BE54-9A1E7A4F7556}") = "DataLibrary", "DataLibrary\DataLibrary.csproj", "{DEBA65BB-9AC3-41EB-8A0E-5D1853A699DF}"
EndProject
Project("{9A19103F-16F7-4668-BE54-9A1E7A4F7556}") = "DataLibraryTestProject", "DataLibraryTestProject\DataLibraryTestProject.csproj", "{205C7E12-3A12-4810-8E6F-DF7C0D11041B}"
EndProject
Global
	GlobalSection(SolutionConfigurationPlatforms) = preSolution
		Debug|Any CPU = Debug|Any CPU
		Release|Any CPU = Release|Any CPU
	EndGlobalSection
	GlobalSection(ProjectConfigurationPlatforms) = postSolution
		{FAE0C1B3-5DBB-4F73-A3DF-826E5B4A5CC2}.Debug|Any CPU.ActiveCfg = Debug|Any CPU
		{FAE0C1B3-5DBB-4F73-A3DF-826E5B4A5CC2}.Debug|Any CPU.Build.0 = Debug|Any CPU
		{FAE0C1B3-5DBB-4F73-A3DF-826E5B4A5CC2}.Release|Any CPU.ActiveCfg = Release|Any CPU
		{FAE0C1B3-5DBB-4F73-A3DF-826E5B4A5CC2}.Release|Any CPU.Build.0 = Release|Any CPU
		{DEBA65BB-9AC3-41EB-8A0E-5D1853A699DF}.Debug|Any CPU.ActiveCfg = Debug|Any CPU
		{DEBA65BB-9AC3-41EB-8A0E-5D1853A699DF}.Debug|Any CPU.Build.0 = Debug|Any CPU
		{DEBA65BB-9AC3-41EB-8A0E-5D1853A699DF}.Release|Any CPU.ActiveCfg = Release|Any CPU
		{DEBA65BB-9AC3-41EB-8A0E-5D1853A699DF}.Release|Any CPU.Build.0 = Release|Any CPU
		{205C7E12-3A12-4810-8E6F-DF7C0D11041B}.Debug|Any CPU.ActiveCfg = Debug|Any CPU
		{205C7E12-3A12-4810-8E6F-DF7C0D11041B}.Debug|Any CPU.Build.0 = Debug|Any CPU
		{205C7E12-3A12-4810-8E6F-DF7C0D11041B}.Release|Any CPU.ActiveCfg = Release|Any CPU
		{205C7E12-3A12-4810-8E6F-DF7C0D11041B}.Release|Any CPU.Build.0 = Release|Any CPU
	EndGlobalSection
	GlobalSection(SolutionProperties) = preSolution
		HideSolutionNode = FALSE
	EndGlobalSection
	GlobalSection(NestedProjects) = preSolution
		{DEBA65BB-9AC3-41EB-8A0E-5D1853A699DF} = {1CC4A455-56C4-4814-9769-FC6158B93AFA}
		{205C7E12-3A12-4810-8E6F-DF7C0D11041B} = {393090FD-84D2-4680-BAE9-3B9EC9D169C1}
	EndGlobalSection
	GlobalSection(ExtensibilityGlobals) = postSolution
		SolutionGuid = {BA9B0679-B7EA-477A-ACC5-4D9E39F39D30}
	EndGlobalSection
EndGlobal
